
Microsoft Visual Studio Solution File, Format Version 12.00
# Visual Studio 15
VisualStudioVersion = 15.0.27428.2015
MinimumVisualStudioVersion = 10.0.40219.1
Project("{FAE04EC0-301F-11D3-BF4B-00C04F79EFBC}") = "ex5", "ex5\ex5.csproj", "{757F468A-4D19-49A3-88DA-CCBC56D14765}"
EndProject
Global
	GlobalSection(SolutionConfigurationPlatforms) = preSolution
		Debug|Any CPU = Debug|Any CPU
		Release|Any CPU = Release|Any CPU
	EndGlobalSection
	GlobalSection(ProjectConfigurationPlatforms) = postSolution
		{757F468A-4D19-49A3-88DA-CCBC56D14765}.Debug|Any CPU.ActiveCfg = Debug|Any CPU
		{757F468A-4D19-49A3-88DA-CCBC56D14765}.Debug|Any CPU.Build.0 = Debug|Any CPU
		{757F468A-4D19-49A3-88DA-CCBC56D14765}.Release|Any CPU.ActiveCfg = Release|Any CPU
		{757F468A-4D19-49A3-88DA-CCBC56D14765}.Release|Any CPU.Build.0 = Release|Any CPU
	EndGlobalSection
	GlobalSection(SolutionProperties) = preSolution
		HideSolutionNode = FALSE
	EndGlobalSection
	GlobalSection(ExtensibilityGlobals) = postSolution
		SolutionGuid = {BC6385CE-5787-4AA9-9EB3-BBD3B29D94D5}
	EndGlobalSection
EndGlobal
